
Microsoft Visual Studio Solution File, Format Version 12.00
# Visual Studio Version 16
VisualStudioVersion = 16.0.29613.14
MinimumVisualStudioVersion = 10.0.40219.1
Project("{FAE04EC0-301F-11D3-BF4B-00C04F79EFBC}") = "Expert", "Expert\Expert.csproj", "{BECA8E7E-74F4-45A9-8D3E-679716DB59D8}"
EndProject
Global
	GlobalSection(SolutionConfigurationPlatforms) = preSolution
		Debug|Any CPU = Debug|Any CPU
		Release|Any CPU = Release|Any CPU
	EndGlobalSection
	GlobalSection(ProjectConfigurationPlatforms) = postSolution
		{BECA8E7E-74F4-45A9-8D3E-679716DB59D8}.Debug|Any CPU.ActiveCfg = Debug|Any CPU
		{BECA8E7E-74F4-45A9-8D3E-679716DB59D8}.Debug|Any CPU.Build.0 = Debug|Any CPU
		{BECA8E7E-74F4-45A9-8D3E-679716DB59D8}.Release|Any CPU.ActiveCfg = Release|Any CPU
		{BECA8E7E-74F4-45A9-8D3E-679716DB59D8}.Release|Any CPU.Build.0 = Release|Any CPU
	EndGlobalSection
	GlobalSection(SolutionProperties) = preSolution
		HideSolutionNode = FALSE
	EndGlobalSection
	GlobalSection(ExtensibilityGlobals) = postSolution
		SolutionGuid = {56509FD5-AEAD-49E3-BDD5-BAA32AC13BD5}
	EndGlobalSection
EndGlobal
